PODS:
  - SDCycleScrollView (1.75):
    - SDWebImage (>= 4.0.0)
  - SDWebImage (4.0.0):
    - SDWebImage/Core (= 4.0.0)
  - SDWebImage/Core (4.0.0)

DEPENDENCIES:
  - SDCycleScrollView (from `./SDCycleScrollView/Lib`)
  - SDWebImage (>= 4.0.0)

EXTERNAL SOURCES:
  SDCycleScrollView:
    :path: ./SDCycleScrollView/Lib

SPEC CHECKSUMS:
  SDCycleScrollView: c9f9896cc3ced741dd73423d62c4b86d9b6cdb0e
  SDWebImage: 76a6348bdc74eb5a55dd08a091ef298e56b55e41

PODFILE CHECKSUM: fca7d246ba33b7540bd280e9957d419d67da6c16

COCOAPODS: 1.3.1
