// !$*UTF8*$!
{
	archiveVersion = 1;
	classes = {
	};
	objectVersion = 46;
	objects = {

/* Begin PBXBuildFile section */
		48377B901C1027F5007B8C21 /* DemoVCWithXib.m in Sources */ = {isa = PBXBuildFile; fileRef = 48377B8E1C1027F5007B8C21 /* DemoVCWithXib.m */; };
		48377B911C1027F5007B8C21 /* DemoVCWithXib.xib in Resources */ = {isa = PBXBuildFile; fileRef = 48377B8F1C1027F5007B8C21 /* DemoVCWithXib.xib */; };
		4855B1941B09CBA500AA0788 /* placeholder@2x.png in Resources */ = {isa = PBXBuildFile; fileRef = 4855B1931B09CBA500AA0788 /* placeholder@2x.png */; };
		485B54771C3A196C001944FA /* pageControlDot@2x.png in Resources */ = {isa = PBXBuildFile; fileRef = 485B54731C3A196C001944FA /* pageControlDot@2x.png */; };
		485B54781C3A196C001944FA /* pageControlDot@3x.png in Resources */ = {isa = PBXBuildFile; fileRef = 485B54741C3A196C001944FA /* pageControlDot@3x.png */; };
		485B54791C3A196C001944FA /* pageControlCurrentDot@3x.png in Resources */ = {isa = PBXBuildFile; fileRef = 485B54751C3A196C001944FA /* pageControlCurrentDot@3x.png */; };
		485B547A1C3A196C001944FA /* pageControlCurrentDot@2x.png in Resources */ = {isa = PBXBuildFile; fileRef = 485B54761C3A196C001944FA /* pageControlCurrentDot@2x.png */; };
		9900D1741ABEB2490077A6CB /* main.m in Sources */ = {isa = PBXBuildFile; fileRef = 9900D1731ABEB2490077A6CB /* main.m */; };
		9900D1771ABEB2490077A6CB /* AppDelegate.m in Sources */ = {isa = PBXBuildFile; fileRef = 9900D1761ABEB2490077A6CB /* AppDelegate.m */; };
		9900D17A1ABEB2490077A6CB /* ViewController.m in Sources */ = {isa = PBXBuildFile; fileRef = 9900D1791ABEB2490077A6CB /* ViewController.m */; };
		9900D17F1ABEB2490077A6CB /* Images.xcassets in Resources */ = {isa = PBXBuildFile; fileRef = 9900D17E1ABEB2490077A6CB /* Images.xcassets */; };
		9900D1821ABEB2490077A6CB /* LaunchScreen.xib in Resources */ = {isa = PBXBuildFile; fileRef = 9900D1801ABEB2490077A6CB /* LaunchScreen.xib */; };
		9900D18E1ABEB2490077A6CB /* SDCycleScrollViewTests.m in Sources */ = {isa = PBXBuildFile; fileRef = 9900D18D1ABEB2490077A6CB /* SDCycleScrollViewTests.m */; };
		9900D1A01ABEB41B0077A6CB /* h2.jpg in Resources */ = {isa = PBXBuildFile; fileRef = 9900D19C1ABEB41B0077A6CB /* h2.jpg */; };
		9900D1A21ABEB41B0077A6CB /* h4.jpg in Resources */ = {isa = PBXBuildFile; fileRef = 9900D19E1ABEB41B0077A6CB /* h4.jpg */; };
		990141011AC941FD00D0D74F /* TAAbstractDotView.m in Sources */ = {isa = PBXBuildFile; fileRef = 990140FA1AC941FD00D0D74F /* TAAbstractDotView.m */; };
		990141021AC941FD00D0D74F /* TAAnimatedDotView.m in Sources */ = {isa = PBXBuildFile; fileRef = 990140FC1AC941FD00D0D74F /* TAAnimatedDotView.m */; };
		990141031AC941FD00D0D74F /* TADotView.m in Sources */ = {isa = PBXBuildFile; fileRef = 990140FE1AC941FD00D0D74F /* TADotView.m */; };
		990141041AC941FD00D0D74F /* TAPageControl.m in Sources */ = {isa = PBXBuildFile; fileRef = 990141001AC941FD00D0D74F /* TAPageControl.m */; };
		9901410B1AC9420E00D0D74F /* SDCollectionViewCell.m in Sources */ = {isa = PBXBuildFile; fileRef = 990141061AC9420E00D0D74F /* SDCollectionViewCell.m */; };
		9901410C1AC9420E00D0D74F /* SDCycleScrollView.m in Sources */ = {isa = PBXBuildFile; fileRef = 990141081AC9420E00D0D74F /* SDCycleScrollView.m */; };
		9901410D1AC9420E00D0D74F /* UIView+SDExtension.m in Sources */ = {isa = PBXBuildFile; fileRef = 9901410A1AC9420E00D0D74F /* UIView+SDExtension.m */; };
		999C10981AC14F3B00C11CDB /* h3.jpg in Resources */ = {isa = PBXBuildFile; fileRef = 999C10961AC14F3B00C11CDB /* h3.jpg */; };
		999C109A1AC14F7200C11CDB /* h1.jpg in Resources */ = {isa = PBXBuildFile; fileRef = 999C10991AC14F7200C11CDB /* h1.jpg */; };
		99A732631B24AB660033E878 /* 005.jpg in Resources */ = {isa = PBXBuildFile; fileRef = 99A732621B24AB660033E878 /* 005.jpg */; };
		99E727EF1BDBB91D00771161 /* MKAnnotationView+WebCache.m in Sources */ = {isa = PBXBuildFile; fileRef = 99E727CF1BDBB91D00771161 /* MKAnnotationView+WebCache.m */; };
		99E727F01BDBB91D00771161 /* NSData+ImageContentType.m in Sources */ = {isa = PBXBuildFile; fileRef = 99E727D11BDBB91D00771161 /* NSData+ImageContentType.m */; };
		99E727F11BDBB91D00771161 /* SDImageCache.m in Sources */ = {isa = PBXBuildFile; fileRef = 99E727D31BDBB91D00771161 /* SDImageCache.m */; };
		99E727F21BDBB91D00771161 /* SDWebImageCompat.m in Sources */ = {isa = PBXBuildFile; fileRef = 99E727D51BDBB91D00771161 /* SDWebImageCompat.m */; };
		99E727F31BDBB91D00771161 /* SDWebImageDecoder.m in Sources */ = {isa = PBXBuildFile; fileRef = 99E727D71BDBB91D00771161 /* SDWebImageDecoder.m */; };
		99E727F41BDBB91D00771161 /* SDWebImageDownloader.m in Sources */ = {isa = PBXBuildFile; fileRef = 99E727D91BDBB91D00771161 /* SDWebImageDownloader.m */; };
		99E727F51BDBB91D00771161 /* SDWebImageDownloaderOperation.m in Sources */ = {isa = PBXBuildFile; fileRef = 99E727DB1BDBB91D00771161 /* SDWebImageDownloaderOperation.m */; };
		99E727F61BDBB91D00771161 /* SDWebImageManager.m in Sources */ = {isa = PBXBuildFile; fileRef = 99E727DD1BDBB91D00771161 /* SDWebImageManager.m */; };
		99E727F71BDBB91D00771161 /* SDWebImagePrefetcher.m in Sources */ = {isa = PBXBuildFile; fileRef = 99E727E01BDBB91D00771161 /* SDWebImagePrefetcher.m */; };
		99E727F81BDBB91D00771161 /* UIButton+WebCache.m in Sources */ = {isa = PBXBuildFile; fileRef = 99E727E21BDBB91D00771161 /* UIButton+WebCache.m */; };
		99E727F91BDBB91D00771161 /* UIImage+GIF.m in Sources */ = {isa = PBXBuildFile; fileRef = 99E727E41BDBB91D00771161 /* UIImage+GIF.m */; };
		99E727FA1BDBB91D00771161 /* UIImage+MultiFormat.m in Sources */ = {isa = PBXBuildFile; fileRef = 99E727E61BDBB91D00771161 /* UIImage+MultiFormat.m */; };
		99E727FB1BDBB91D00771161 /* UIImage+WebP.m in Sources */ = {isa = PBXBuildFile; fileRef = 99E727E81BDBB91D00771161 /* UIImage+WebP.m */; };
		99E727FC1BDBB91D00771161 /* UIImageView+HighlightedWebCache.m in Sources */ = {isa = PBXBuildFile; fileRef = 99E727EA1BDBB91D00771161 /* UIImageView+HighlightedWebCache.m */; };
		99E727FD1BDBB91D00771161 /* UIImageView+WebCache.m in Sources */ = {isa = PBXBuildFile; fileRef = 99E727EC1BDBB91D00771161 /* UIImageView+WebCache.m */; };
		99E727FE1BDBB91D00771161 /* UIView+WebCacheOperation.m in Sources */ = {isa = PBXBuildFile; fileRef = 99E727EE1BDBB91D00771161 /* UIView+WebCacheOperation.m */; };
/* End PBXBuildFile section */

/* Begin PBXContainerItemProxy section */
		9900D1881ABEB2490077A6CB /* PBXContainerItemProxy */ = {
			isa = PBXContainerItemProxy;
			containerPortal = 9900D1661ABEB2490077A6CB /* Project object */;
			proxyType = 1;
			remoteGlobalIDString = 9900D16D1ABEB2490077A6CB;
			remoteInfo = SDCycleScrollView;
		};
/* End PBXContainerItemProxy section */

/* Begin PBXFileReference section */
		48377B8D1C1027F5007B8C21 /* DemoVCWithXib.h */ = {isa = PBXFileReference; fileEncoding = 4; lastKnownFileType = sourcecode.c.h; path = DemoVCWithXib.h; sourceTree = "<group>"; };
		48377B8E1C1027F5007B8C21 /* DemoVCWithXib.m */ = {isa = PBXFileReference; fileEncoding = 4; lastKnownFileType = sourcecode.c.objc; path = DemoVCWithXib.m; sourceTree = "<group>"; };
		48377B8F1C1027F5007B8C21 /* DemoVCWithXib.xib */ = {isa = PBXFileReference; fileEncoding = 4; lastKnownFileType = file.xib; path = DemoVCWithXib.xib; sourceTree = "<group>"; };
		4855B1931B09CBA500AA0788 /* placeholder@2x.png */ = {isa = PBXFileReference; lastKnownFileType = image.png; path = "placeholder@2x.png"; sourceTree = "<group>"; };
		485B54731C3A196C001944FA /* pageControlDot@2x.png */ = {isa = PBXFileReference; lastKnownFileType = image.png; path = "pageControlDot@2x.png"; sourceTree = "<group>"; };
		485B54741C3A196C001944FA /* pageControlDot@3x.png */ = {isa = PBXFileReference; lastKnownFileType = image.png; path = "pageControlDot@3x.png"; sourceTree = "<group>"; };
		485B54751C3A196C001944FA /* pageControlCurrentDot@3x.png */ = {isa = PBXFileReference; lastKnownFileType = image.png; path = "pageControlCurrentDot@3x.png"; sourceTree = "<group>"; };
		485B54761C3A196C001944FA /* pageControlCurrentDot@2x.png */ = {isa = PBXFileReference; lastKnownFileType = image.png; path = "pageControlCurrentDot@2x.png"; sourceTree = "<group>"; };
		9900D16E1ABEB2490077A6CB /* SDCycleScrollView.app */ = {isa = PBXFileReference; explicitFileType = wrapper.application; includeInIndex = 0; path = SDCycleScrollView.app; sourceTree = BUILT_PRODUCTS_DIR; };
		9900D1721ABEB2490077A6CB /* Info.plist */ = {isa = PBXFileReference; lastKnownFileType = text.plist.xml; path = Info.plist; sourceTree = "<group>"; };
		9900D1731ABEB2490077A6CB /* main.m */ = {isa = PBXFileReference; lastKnownFileType = sourcecode.c.objc; path = main.m; sourceTree = "<group>"; };
		9900D1751ABEB2490077A6CB /* AppDelegate.h */ = {isa = PBXFileReference; lastKnownFileType = sourcecode.c.h; path = AppDelegate.h; sourceTree = "<group>"; };
		9900D1761ABEB2490077A6CB /* AppDelegate.m */ = {isa = PBXFileReference; lastKnownFileType = sourcecode.c.objc; path = AppDelegate.m; sourceTree = "<group>"; };
		9900D1781ABEB2490077A6CB /* ViewController.h */ = {isa = PBXFileReference; lastKnownFileType = sourcecode.c.h; path = ViewController.h; sourceTree = "<group>"; };
		9900D1791ABEB2490077A6CB /* ViewController.m */ = {isa = PBXFileReference; lastKnownFileType = sourcecode.c.objc; path = ViewController.m; sourceTree = "<group>"; };
		9900D17E1ABEB2490077A6CB /* Images.xcassets */ = {isa = PBXFileReference; lastKnownFileType = folder.assetcatalog; path = Images.xcassets; sourceTree = "<group>"; };
		9900D1811ABEB2490077A6CB /* Base */ = {isa = PBXFileReference; lastKnownFileType = file.xib; name = Base; path = Base.lproj/LaunchScreen.xib; sourceTree = "<group>"; };
		9900D1871ABEB2490077A6CB /* SDCycleScrollViewTests.xctest */ = {isa = PBXFileReference; explicitFileType = wrapper.cfbundle; includeInIndex = 0; path = SDCycleScrollViewTests.xctest; sourceTree = BUILT_PRODUCTS_DIR; };
		9900D18C1ABEB2490077A6CB /* Info.plist */ = {isa = PBXFileReference; lastKnownFileType = text.plist.xml; path = Info.plist; sourceTree = "<group>"; };
		9900D18D1ABEB2490077A6CB /* SDCycleScrollViewTests.m */ = {isa = PBXFileReference; lastKnownFileType = sourcecode.c.objc; path = SDCycleScrollViewTests.m; sourceTree = "<group>"; };
		9900D19C1ABEB41B0077A6CB /* h2.jpg */ = {isa = PBXFileReference; lastKnownFileType = image.jpeg; path = h2.jpg; sourceTree = "<group>"; };
		9900D19E1ABEB41B0077A6CB /* h4.jpg */ = {isa = PBXFileReference; lastKnownFileType = image.jpeg; path = h4.jpg; sourceTree = "<group>"; };
		990140F91AC941FD00D0D74F /* TAAbstractDotView.h */ = {isa = PBXFileReference; fileEncoding = 4; lastKnownFileType = sourcecode.c.h; path = TAAbstractDotView.h; sourceTree = "<group>"; };
		990140FA1AC941FD00D0D74F /* TAAbstractDotView.m */ = {isa = PBXFileReference; fileEncoding = 4; lastKnownFileType = sourcecode.c.objc; path = TAAbstractDotView.m; sourceTree = "<group>"; };
		990140FB1AC941FD00D0D74F /* TAAnimatedDotView.h */ = {isa = PBXFileReference; fileEncoding = 4; lastKnownFileType = sourcecode.c.h; path = TAAnimatedDotView.h; sourceTree = "<group>"; };
		990140FC1AC941FD00D0D74F /* TAAnimatedDotView.m */ = {isa = PBXFileReference; fileEncoding = 4; lastKnownFileType = sourcecode.c.objc; path = TAAnimatedDotView.m; sourceTree = "<group>"; };
		990140FD1AC941FD00D0D74F /* TADotView.h */ = {isa = PBXFileReference; fileEncoding = 4; lastKnownFileType = sourcecode.c.h; path = TADotView.h; sourceTree = "<group>"; };
		990140FE1AC941FD00D0D74F /* TADotView.m */ = {isa = PBXFileReference; fileEncoding = 4; lastKnownFileType = sourcecode.c.objc; path = TADotView.m; sourceTree = "<group>"; };
		990140FF1AC941FD00D0D74F /* TAPageControl.h */ = {isa = PBXFileReference; fileEncoding = 4; lastKnownFileType = sourcecode.c.h; path = TAPageControl.h; sourceTree = "<group>"; };
		990141001AC941FD00D0D74F /* TAPageControl.m */ = {isa = PBXFileReference; fileEncoding = 4; lastKnownFileType = sourcecode.c.objc; path = TAPageControl.m; sourceTree = "<group>"; };
		990141051AC9420E00D0D74F /* SDCollectionViewCell.h */ = {isa = PBXFileReference; fileEncoding = 4; lastKnownFileType = sourcecode.c.h; path = SDCollectionViewCell.h; sourceTree = "<group>"; };
		990141061AC9420E00D0D74F /* SDCollectionViewCell.m */ = {isa = PBXFileReference; fileEncoding = 4; lastKnownFileType = sourcecode.c.objc; path = SDCollectionViewCell.m; sourceTree = "<group>"; };
		990141071AC9420E00D0D74F /* SDCycleScrollView.h */ = {isa = PBXFileReference; fileEncoding = 4; lastKnownFileType = sourcecode.c.h; path = SDCycleScrollView.h; sourceTree = "<group>"; };
		990141081AC9420E00D0D74F /* SDCycleScrollView.m */ = {isa = PBXFileReference; fileEncoding = 4; lastKnownFileType = sourcecode.c.objc; path = SDCycleScrollView.m; sourceTree = "<group>"; };
		990141091AC9420E00D0D74F /* UIView+SDExtension.h */ = {isa = PBXFileReference; fileEncoding = 4; lastKnownFileType = sourcecode.c.h; path = "UIView+SDExtension.h"; sourceTree = "<group>"; };
		9901410A1AC9420E00D0D74F /* UIView+SDExtension.m */ = {isa = PBXFileReference; fileEncoding = 4; lastKnownFileType = sourcecode.c.objc; path = "UIView+SDExtension.m"; sourceTree = "<group>"; };
		999C10961AC14F3B00C11CDB /* h3.jpg */ = {isa = PBXFileReference; lastKnownFileType = image.jpeg; path = h3.jpg; sourceTree = "<group>"; };
		999C10991AC14F7200C11CDB /* h1.jpg */ = {isa = PBXFileReference; lastKnownFileType = image.jpeg; path = h1.jpg; sourceTree = "<group>"; };
		99A732621B24AB660033E878 /* 005.jpg */ = {isa = PBXFileReference; lastKnownFileType = image.jpeg; path = 005.jpg; sourceTree = "<group>"; };
		99E727CE1BDBB91D00771161 /* MKAnnotationView+WebCache.h */ = {isa = PBXFileReference; fileEncoding = 4; lastKnownFileType = sourcecode.c.h; path = "MKAnnotationView+WebCache.h"; sourceTree = "<group>"; };
		99E727CF1BDBB91D00771161 /* MKAnnotationView+WebCache.m */ = {isa = PBXFileReference; fileEncoding = 4; lastKnownFileType = sourcecode.c.objc; path = "MKAnnotationView+WebCache.m"; sourceTree = "<group>"; };
		99E727D01BDBB91D00771161 /* NSData+ImageContentType.h */ = {isa = PBXFileReference; fileEncoding = 4; lastKnownFileType = sourcecode.c.h; path = "NSData+ImageContentType.h"; sourceTree = "<group>"; };
		99E727D11BDBB91D00771161 /* NSData+ImageContentType.m */ = {isa = PBXFileReference; fileEncoding = 4; lastKnownFileType = sourcecode.c.objc; path = "NSData+ImageContentType.m"; sourceTree = "<group>"; };
		99E727D21BDBB91D00771161 /* SDImageCache.h */ = {isa = PBXFileReference; fileEncoding = 4; lastKnownFileType = sourcecode.c.h; path = SDImageCache.h; sourceTree = "<group>"; };
		99E727D31BDBB91D00771161 /* SDImageCache.m */ = {isa = PBXFileReference; fileEncoding = 4; lastKnownFileType = sourcecode.c.objc; path = SDImageCache.m; sourceTree = "<group>"; };
		99E727D41BDBB91D00771161 /* SDWebImageCompat.h */ = {isa = PBXFileReference; fileEncoding = 4; lastKnownFileType = sourcecode.c.h; path = SDWebImageCompat.h; sourceTree = "<group>"; };
		99E727D51BDBB91D00771161 /* SDWebImageCompat.m */ = {isa = PBXFileReference; fileEncoding = 4; lastKnownFileType = sourcecode.c.objc; path = SDWebImageCompat.m; sourceTree = "<group>"; };
		99E727D61BDBB91D00771161 /* SDWebImageDecoder.h */ = {isa = PBXFileReference; fileEncoding = 4; lastKnownFileType = sourcecode.c.h; path = SDWebImageDecoder.h; sourceTree = "<group>"; };
		99E727D71BDBB91D00771161 /* SDWebImageDecoder.m */ = {isa = PBXFileReference; fileEncoding = 4; lastKnownFileType = sourcecode.c.objc; path = SDWebImageDecoder.m; sourceTree = "<group>"; };
		99E727D81BDBB91D00771161 /* SDWebImageDownloader.h */ = {isa = PBXFileReference; fileEncoding = 4; lastKnownFileType = sourcecode.c.h; path = SDWebImageDownloader.h; sourceTree = "<group>"; };
		99E727D91BDBB91D00771161 /* SDWebImageDownloader.m */ = {isa = PBXFileReference; fileEncoding = 4; lastKnownFileType = sourcecode.c.objc; path = SDWebImageDownloader.m; sourceTree = "<group>"; };
		99E727DA1BDBB91D00771161 /* SDWebImageDownloaderOperation.h */ = {isa = PBXFileReference; fileEncoding = 4; lastKnownFileType = sourcecode.c.h; path = SDWebImageDownloaderOperation.h; sourceTree = "<group>"; };
		99E727DB1BDBB91D00771161 /* SDWebImageDownloaderOperation.m */ = {isa = PBXFileReference; fileEncoding = 4; lastKnownFileType = sourcecode.c.objc; path = SDWebImageDownloaderOperation.m; sourceTree = "<group>"; };
		99E727DC1BDBB91D00771161 /* SDWebImageManager.h */ = {isa = PBXFileReference; fileEncoding = 4; lastKnownFileType = sourcecode.c.h; path = SDWebImageManager.h; sourceTree = "<group>"; };
		99E727DD1BDBB91D00771161 /* SDWebImageManager.m */ = {isa = PBXFileReference; fileEncoding = 4; lastKnownFileType = sourcecode.c.objc; path = SDWebImageManager.m; sourceTree = "<group>"; };
		99E727DE1BDBB91D00771161 /* SDWebImageOperation.h */ = {isa = PBXFileReference; fileEncoding = 4; lastKnownFileType = sourcecode.c.h; path = SDWebImageOperation.h; sourceTree = "<group>"; };
		99E727DF1BDBB91D00771161 /* SDWebImagePrefetcher.h */ = {isa = PBXFileReference; fileEncoding = 4; lastKnownFileType = sourcecode.c.h; path = SDWebImagePrefetcher.h; sourceTree = "<group>"; };
		99E727E01BDBB91D00771161 /* SDWebImagePrefetcher.m */ = {isa = PBXFileReference; fileEncoding = 4; lastKnownFileType = sourcecode.c.objc; path = SDWebImagePrefetcher.m; sourceTree = "<group>"; };
		99E727E11BDBB91D00771161 /* UIButton+WebCache.h */ = {isa = PBXFileReference; fileEncoding = 4; lastKnownFileType = sourcecode.c.h; path = "UIButton+WebCache.h"; sourceTree = "<group>"; };
		99E727E21BDBB91D00771161 /* UIButton+WebCache.m */ = {isa = PBXFileReference; fileEncoding = 4; lastKnownFileType = sourcecode.c.objc; path = "UIButton+WebCache.m"; sourceTree = "<group>"; };
		99E727E31BDBB91D00771161 /* UIImage+GIF.h */ = {isa = PBXFileReference; fileEncoding = 4; lastKnownFileType = sourcecode.c.h; path = "UIImage+GIF.h"; sourceTree = "<group>"; };
		99E727E41BDBB91D00771161 /* UIImage+GIF.m */ = {isa = PBXFileReference; fileEncoding = 4; lastKnownFileType = sourcecode.c.objc; path = "UIImage+GIF.m"; sourceTree = "<group>"; };
		99E727E51BDBB91D00771161 /* UIImage+MultiFormat.h */ = {isa = PBXFileReference; fileEncoding = 4; lastKnownFileType = sourcecode.c.h; path = "UIImage+MultiFormat.h"; sourceTree = "<group>"; };
		99E727E61BDBB91D00771161 /* UIImage+MultiFormat.m */ = {isa = PBXFileReference; fileEncoding = 4; lastKnownFileType = sourcecode.c.objc; path = "UIImage+MultiFormat.m"; sourceTree = "<group>"; };
		99E727E71BDBB91D00771161 /* UIImage+WebP.h */ = {isa = PBXFileReference; fileEncoding = 4; lastKnownFileType = sourcecode.c.h; path = "UIImage+WebP.h"; sourceTree = "<group>"; };
		99E727E81BDBB91D00771161 /* UIImage+WebP.m */ = {isa = PBXFileReference; fileEncoding = 4; lastKnownFileType = sourcecode.c.objc; path = "UIImage+WebP.m"; sourceTree = "<group>"; };
		99E727E91BDBB91D00771161 /* UIImageView+HighlightedWebCache.h */ = {isa = PBXFileReference; fileEncoding = 4; lastKnownFileType = sourcecode.c.h; path = "UIImageView+HighlightedWebCache.h"; sourceTree = "<group>"; };
		99E727EA1BDBB91D00771161 /* UIImageView+HighlightedWebCache.m */ = {isa = PBXFileReference; fileEncoding = 4; lastKnownFileType = sourcecode.c.objc; path = "UIImageView+HighlightedWebCache.m"; sourceTree = "<group>"; };
		99E727EB1BDBB91D00771161 /* UIImageView+WebCache.h */ = {isa = PBXFileReference; fileEncoding = 4; lastKnownFileType = sourcecode.c.h; path = "UIImageView+WebCache.h"; sourceTree = "<group>"; };
		99E727EC1BDBB91D00771161 /* UIImageView+WebCache.m */ = {isa = PBXFileReference; fileEncoding = 4; lastKnownFileType = sourcecode.c.objc; path = "UIImageView+WebCache.m"; sourceTree = "<group>"; };
		99E727ED1BDBB91D00771161 /* UIView+WebCacheOperation.h */ = {isa = PBXFileReference; fileEncoding = 4; lastKnownFileType = sourcecode.c.h; path = "UIView+WebCacheOperation.h"; sourceTree = "<group>"; };
		99E727EE1BDBB91D00771161 /* UIView+WebCacheOperation.m */ = {isa = PBXFileReference; fileEncoding = 4; lastKnownFileType = sourcecode.c.objc; path = "UIView+WebCacheOperation.m"; sourceTree = "<group>"; };
/* End PBXFileReference section */

/* Begin PBXFrameworksBuildPhase section */
		9900D16B1ABEB2490077A6CB /* Frameworks */ = {
			isa = PBXFrameworksBuildPhase;
			buildActionMask = 2147483647;
			files = (
			);
			runOnlyForDeploymentPostprocessing = 0;
		};
		9900D1841ABEB2490077A6CB /* Frameworks */ = {
			isa = PBXFrameworksBuildPhase;
			buildActionMask = 2147483647;
			files = (
			);
			runOnlyForDeploymentPostprocessing = 0;
		};
/* End PBXFrameworksBuildPhase section */

/* Begin PBXGroup section */
		48377B8A1C10265E007B8C21 /* DemoVC */ = {
			isa = PBXGroup;
			children = (
				48377B8B1C102758007B8C21 /* 纯代码demo */,
				48377B8C1C102758007B8C21 /* xib的demo */,
			);
			path = DemoVC;
			sourceTree = "<group>";
		};
		48377B8B1C102758007B8C21 /* 纯代码demo */ = {
			isa = PBXGroup;
			children = (
			);
			path = "纯代码demo";
			sourceTree = "<group>";
		};
		48377B8C1C102758007B8C21 /* xib的demo */ = {
			isa = PBXGroup;
			children = (
				48377B8D1C1027F5007B8C21 /* DemoVCWithXib.h */,
				48377B8E1C1027F5007B8C21 /* DemoVCWithXib.m */,
				48377B8F1C1027F5007B8C21 /* DemoVCWithXib.xib */,
			);
			path = "xib的demo";
			sourceTree = "<group>";
		};
		9900D1651ABEB2490077A6CB = {
			isa = PBXGroup;
			children = (
				9900D1701ABEB2490077A6CB /* SDCycleScrollView */,
				9900D18A1ABEB2490077A6CB /* SDCycleScrollViewTests */,
				9900D16F1ABEB2490077A6CB /* Products */,
			);
			sourceTree = "<group>";
		};
		9900D16F1ABEB2490077A6CB /* Products */ = {
			isa = PBXGroup;
			children = (
				9900D16E1ABEB2490077A6CB /* SDCycleScrollView.app */,
				9900D1871ABEB2490077A6CB /* SDCycleScrollViewTests.xctest */,
			);
			name = Products;
			sourceTree = "<group>";
		};
		9900D1701ABEB2490077A6CB /* SDCycleScrollView */ = {
			isa = PBXGroup;
			children = (
				48377B8A1C10265E007B8C21 /* DemoVC */,
				99E727CD1BDBB91D00771161 /* SDWebImage */,
				9900D1971ABEB2C70077A6CB /* Lib */,
				9900D1751ABEB2490077A6CB /* AppDelegate.h */,
				9900D1761ABEB2490077A6CB /* AppDelegate.m */,
				9900D1781ABEB2490077A6CB /* ViewController.h */,
				9900D1791ABEB2490077A6CB /* ViewController.m */,
				9900D17E1ABEB2490077A6CB /* Images.xcassets */,
				9900D1801ABEB2490077A6CB /* LaunchScreen.xib */,
				9900D1711ABEB2490077A6CB /* Supporting Files */,
			);
			path = SDCycleScrollView;
			sourceTree = "<group>";
		};
		9900D1711ABEB2490077A6CB /* Supporting Files */ = {
			isa = PBXGroup;
			children = (
				485B54731C3A196C001944FA /* pageControlDot@2x.png */,
				485B54741C3A196C001944FA /* pageControlDot@3x.png */,
				485B54751C3A196C001944FA /* pageControlCurrentDot@3x.png */,
				485B54761C3A196C001944FA /* pageControlCurrentDot@2x.png */,
				99A732621B24AB660033E878 /* 005.jpg */,
				4855B1931B09CBA500AA0788 /* placeholder@2x.png */,
				999C10991AC14F7200C11CDB /* h1.jpg */,
				999C10961AC14F3B00C11CDB /* h3.jpg */,
				9900D19C1ABEB41B0077A6CB /* h2.jpg */,
				9900D19E1ABEB41B0077A6CB /* h4.jpg */,
				9900D1721ABEB2490077A6CB /* Info.plist */,
				9900D1731ABEB2490077A6CB /* main.m */,
			);
			name = "Supporting Files";
			sourceTree = "<group>";
		};
		9900D18A1ABEB2490077A6CB /* SDCycleScrollViewTests */ = {
			isa = PBXGroup;
			children = (
				9900D18D1ABEB2490077A6CB /* SDCycleScrollViewTests.m */,
				9900D18B1ABEB2490077A6CB /* Supporting Files */,
			);
			path = SDCycleScrollViewTests;
			sourceTree = "<group>";
		};
		9900D18B1ABEB2490077A6CB /* Supporting Files */ = {
			isa = PBXGroup;
			children = (
				9900D18C1ABEB2490077A6CB /* Info.plist */,
			);
			name = "Supporting Files";
			sourceTree = "<group>";
		};
		9900D1971ABEB2C70077A6CB /* Lib */ = {
			isa = PBXGroup;
			children = (
				99E7B30A1AC11F1C009F9A2E /* SDCycleScrollView */,
			);
			path = Lib;
			sourceTree = "<group>";
		};
		99E727CD1BDBB91D00771161 /* SDWebImage */ = {
			isa = PBXGroup;
			children = (
				99E727CE1BDBB91D00771161 /* MKAnnotationView+WebCache.h */,
				99E727CF1BDBB91D00771161 /* MKAnnotationView+WebCache.m */,
				99E727D01BDBB91D00771161 /* NSData+ImageContentType.h */,
				99E727D11BDBB91D00771161 /* NSData+ImageContentType.m */,
				99E727D21BDBB91D00771161 /* SDImageCache.h */,
				99E727D31BDBB91D00771161 /* SDImageCache.m */,
				99E727D41BDBB91D00771161 /* SDWebImageCompat.h */,
				99E727D51BDBB91D00771161 /* SDWebImageCompat.m */,
				99E727D61BDBB91D00771161 /* SDWebImageDecoder.h */,
				99E727D71BDBB91D00771161 /* SDWebImageDecoder.m */,
				99E727D81BDBB91D00771161 /* SDWebImageDownloader.h */,
				99E727D91BDBB91D00771161 /* SDWebImageDownloader.m */,
				99E727DA1BDBB91D00771161 /* SDWebImageDownloaderOperation.h */,
				99E727DB1BDBB91D00771161 /* SDWebImageDownloaderOperation.m */,
				99E727DC1BDBB91D00771161 /* SDWebImageManager.h */,
				99E727DD1BDBB91D00771161 /* SDWebImageManager.m */,
				99E727DE1BDBB91D00771161 /* SDWebImageOperation.h */,
				99E727DF1BDBB91D00771161 /* SDWebImagePrefetcher.h */,
				99E727E01BDBB91D00771161 /* SDWebImagePrefetcher.m */,
				99E727E11BDBB91D00771161 /* UIButton+WebCache.h */,
				99E727E21BDBB91D00771161 /* UIButton+WebCache.m */,
				99E727E31BDBB91D00771161 /* UIImage+GIF.h */,
				99E727E41BDBB91D00771161 /* UIImage+GIF.m */,
				99E727E51BDBB91D00771161 /* UIImage+MultiFormat.h */,
				99E727E61BDBB91D00771161 /* UIImage+MultiFormat.m */,
				99E727E71BDBB91D00771161 /* UIImage+WebP.h */,
				99E727E81BDBB91D00771161 /* UIImage+WebP.m */,
				99E727E91BDBB91D00771161 /* UIImageView+HighlightedWebCache.h */,
				99E727EA1BDBB91D00771161 /* UIImageView+HighlightedWebCache.m */,
				99E727EB1BDBB91D00771161 /* UIImageView+WebCache.h */,
				99E727EC1BDBB91D00771161 /* UIImageView+WebCache.m */,
				99E727ED1BDBB91D00771161 /* UIView+WebCacheOperation.h */,
				99E727EE1BDBB91D00771161 /* UIView+WebCacheOperation.m */,
			);
			path = SDWebImage;
			sourceTree = "<group>";
		};
		99E7B30A1AC11F1C009F9A2E /* SDCycleScrollView */ = {
			isa = PBXGroup;
			children = (
				990141051AC9420E00D0D74F /* SDCollectionViewCell.h */,
				990141061AC9420E00D0D74F /* SDCollectionViewCell.m */,
				990141071AC9420E00D0D74F /* SDCycleScrollView.h */,
				990141081AC9420E00D0D74F /* SDCycleScrollView.m */,
				990141091AC9420E00D0D74F /* UIView+SDExtension.h */,
				9901410A1AC9420E00D0D74F /* UIView+SDExtension.m */,
				99E7B30B1AC11F1C009F9A2E /* PageControl */,
			);
			path = SDCycleScrollView;
			sourceTree = "<group>";
		};
		99E7B30B1AC11F1C009F9A2E /* PageControl */ = {
			isa = PBXGroup;
			children = (
				990140F91AC941FD00D0D74F /* TAAbstractDotView.h */,
				990140FA1AC941FD00D0D74F /* TAAbstractDotView.m */,
				990140FB1AC941FD00D0D74F /* TAAnimatedDotView.h */,
				990140FC1AC941FD00D0D74F /* TAAnimatedDotView.m */,
				990140FD1AC941FD00D0D74F /* TADotView.h */,
				990140FE1AC941FD00D0D74F /* TADotView.m */,
				990140FF1AC941FD00D0D74F /* TAPageControl.h */,
				990141001AC941FD00D0D74F /* TAPageControl.m */,
			);
			path = PageControl;
			sourceTree = "<group>";
		};
/* End PBXGroup section */

/* Begin PBXNativeTarget section */
		9900D16D1ABEB2490077A6CB /* SDCycleScrollView */ = {
			isa = PBXNativeTarget;
			buildConfigurationList = 9900D1911ABEB2490077A6CB /* Build configuration list for PBXNativeTarget "SDCycleScrollView" */;
			buildPhases = (
				9900D16A1ABEB2490077A6CB /* Sources */,
				9900D16B1ABEB2490077A6CB /* Frameworks */,
				9900D16C1ABEB2490077A6CB /* Resources */,
			);
			buildRules = (
			);
			dependencies = (
			);
			name = SDCycleScrollView;
			productName = SDCycleScrollView;
			productReference = 9900D16E1ABEB2490077A6CB /* SDCycleScrollView.app */;
			productType = "com.apple.product-type.application";
		};
		9900D1861ABEB2490077A6CB /* SDCycleScrollViewTests */ = {
			isa = PBXNativeTarget;
			buildConfigurationList = 9900D1941ABEB2490077A6CB /* Build configuration list for PBXNativeTarget "SDCycleScrollViewTests" */;
			buildPhases = (
				9900D1831ABEB2490077A6CB /* Sources */,
				9900D1841ABEB2490077A6CB /* Frameworks */,
				9900D1851ABEB2490077A6CB /* Resources */,
			);
			buildRules = (
			);
			dependencies = (
				9900D1891ABEB2490077A6CB /* PBXTargetDependency */,
			);
			name = SDCycleScrollViewTests;
			productName = SDCycleScrollViewTests;
			productReference = 9900D1871ABEB2490077A6CB /* SDCycleScrollViewTests.xctest */;
			productType = "com.apple.product-type.bundle.unit-test";
		};
/* End PBXNativeTarget section */

/* Begin PBXProject section */
		9900D1661ABEB2490077A6CB /* Project object */ = {
			isa = PBXProject;
			attributes = {
				LastUpgradeCheck = 0610;
				ORGANIZATIONNAME = GSD;
				TargetAttributes = {
					9900D16D1ABEB2490077A6CB = {
						CreatedOnToolsVersion = 6.1;
					};
					9900D1861ABEB2490077A6CB = {
						CreatedOnToolsVersion = 6.1;
						TestTargetID = 9900D16D1ABEB2490077A6CB;
					};
				};
			};
			buildConfigurationList = 9900D1691ABEB2490077A6CB /* Build configuration list for PBXProject "SDCycleScrollView" */;
			compatibilityVersion = "Xcode 3.2";
			developmentRegion = English;
			hasScannedForEncodings = 0;
			knownRegions = (
				en,
				Base,
			);
			mainGroup = 9900D1651ABEB2490077A6CB;
			productRefGroup = 9900D16F1ABEB2490077A6CB /* Products */;
			projectDirPath = "";
			projectRoot = "";
			targets = (
				9900D16D1ABEB2490077A6CB /* SDCycleScrollView */,
				9900D1861ABEB2490077A6CB /* SDCycleScrollViewTests */,
			);
		};
/* End PBXProject section */

/* Begin PBXResourcesBuildPhase section */
		9900D16C1ABEB2490077A6CB /* Resources */ = {
			isa = PBXResourcesBuildPhase;
			buildActionMask = 2147483647;
			files = (
				9900D1A21ABEB41B0077A6CB /* h4.jpg in Resources */,
				999C109A1AC14F7200C11CDB /* h1.jpg in Resources */,
				999C10981AC14F3B00C11CDB /* h3.jpg in Resources */,
				485B54771C3A196C001944FA /* pageControlDot@2x.png in Resources */,
				99A732631B24AB660033E878 /* 005.jpg in Resources */,
				9900D1821ABEB2490077A6CB /* LaunchScreen.xib in Resources */,
				485B54781C3A196C001944FA /* pageControlDot@3x.png in Resources */,
				4855B1941B09CBA500AA0788 /* placeholder@2x.png in Resources */,
				485B547A1C3A196C001944FA /* pageControlCurrentDot@2x.png in Resources */,
				48377B911C1027F5007B8C21 /* DemoVCWithXib.xib in Resources */,
				9900D17F1ABEB2490077A6CB /* Images.xcassets in Resources */,
				485B54791C3A196C001944FA /* pageControlCurrentDot@3x.png in Resources */,
				9900D1A01ABEB41B0077A6CB /* h2.jpg in Resources */,
			);
			runOnlyForDeploymentPostprocessing = 0;
		};
		9900D1851ABEB2490077A6CB /* Resources */ = {
			isa = PBXResourcesBuildPhase;
			buildActionMask = 2147483647;
			files = (
			);
			runOnlyForDeploymentPostprocessing = 0;
		};
/* End PBXResourcesBuildPhase section */

/* Begin PBXSourcesBuildPhase section */
		9900D16A1ABEB2490077A6CB /* Sources */ = {
			isa = PBXSourcesBuildPhase;
			buildActionMask = 2147483647;
			files = (
				99E727F91BDBB91D00771161 /* UIImage+GIF.m in Sources */,
				9900D17A1ABEB2490077A6CB /* ViewController.m in Sources */,
				99E727F71BDBB91D00771161 /* SDWebImagePrefetcher.m in Sources */,
				990141031AC941FD00D0D74F /* TADotView.m in Sources */,
				990141011AC941FD00D0D74F /* TAAbstractDotView.m in Sources */,
				99E727F01BDBB91D00771161 /* NSData+ImageContentType.m in Sources */,
				990141021AC941FD00D0D74F /* TAAnimatedDotView.m in Sources */,
				9901410D1AC9420E00D0D74F /* UIView+SDExtension.m in Sources */,
				99E727F81BDBB91D00771161 /* UIButton+WebCache.m in Sources */,
				99E727F51BDBB91D00771161 /* SDWebImageDownloaderOperation.m in Sources */,
				99E727EF1BDBB91D00771161 /* MKAnnotationView+WebCache.m in Sources */,
				99E727F21BDBB91D00771161 /* SDWebImageCompat.m in Sources */,
				9900D1771ABEB2490077A6CB /* AppDelegate.m in Sources */,
				99E727FA1BDBB91D00771161 /* UIImage+MultiFormat.m in Sources */,
				99E727FD1BDBB91D00771161 /* UIImageView+WebCache.m in Sources */,
				990141041AC941FD00D0D74F /* TAPageControl.m in Sources */,
				48377B901C1027F5007B8C21 /* DemoVCWithXib.m in Sources */,
				99E727FE1BDBB91D00771161 /* UIView+WebCacheOperation.m in Sources */,
				9900D1741ABEB2490077A6CB /* main.m in Sources */,
				99E727F41BDBB91D00771161 /* SDWebImageDownloader.m in Sources */,
				99E727FC1BDBB91D00771161 /* UIImageView+HighlightedWebCache.m in Sources */,
				99E727F31BDBB91D00771161 /* SDWebImageDecoder.m in Sources */,
				99E727FB1BDBB91D00771161 /* UIImage+WebP.m in Sources */,
				99E727F61BDBB91D00771161 /* SDWebImageManager.m in Sources */,
				9901410B1AC9420E00D0D74F /* SDCollectionViewCell.m in Sources */,
				9901410C1AC9420E00D0D74F /* SDCycleScrollView.m in Sources */,
				99E727F11BDBB91D00771161 /* SDImageCache.m in Sources */,
			);
			runOnlyForDeploymentPostprocessing = 0;
		};
		9900D1831ABEB2490077A6CB /* Sources */ = {
			isa = PBXSourcesBuildPhase;
			buildActionMask = 2147483647;
			files = (
				9900D18E1ABEB2490077A6CB /* SDCycleScrollViewTests.m in Sources */,
			);
			runOnlyForDeploymentPostprocessing = 0;
		};
/* End PBXSourcesBuildPhase section */

/* Begin PBXTargetDependency section */
		9900D1891ABEB2490077A6CB /* PBXTargetDependency */ = {
			isa = PBXTargetDependency;
			target = 9900D16D1ABEB2490077A6CB /* SDCycleScrollView */;
			targetProxy = 9900D1881ABEB2490077A6CB /* PBXContainerItemProxy */;
		};
/* End PBXTargetDependency section */

/* Begin PBXVariantGroup section */
		9900D1801ABEB2490077A6CB /* LaunchScreen.xib */ = {
			isa = PBXVariantGroup;
			children = (
				9900D1811ABEB2490077A6CB /* Base */,
			);
			name = LaunchScreen.xib;
			sourceTree = "<group>";
		};
/* End PBXVariantGroup section */

/* Begin XCBuildConfiguration section */
		9900D18F1ABEB2490077A6CB /* Debug */ = {
			isa = XCBuildConfiguration;
			buildSettings = {
				ALWAYS_SEARCH_USER_PATHS = NO;
				CLANG_CXX_LANGUAGE_STANDARD = "gnu++0x";
				CLANG_CXX_LIBRARY = "libc++";
				CLANG_ENABLE_MODULES = YES;
				CLANG_ENABLE_OBJC_ARC = YES;
				CLANG_WARN_BOOL_CONVERSION = YES;
				CLANG_WARN_CONSTANT_CONVERSION = YES;
				CLANG_WARN_DIRECT_OBJC_ISA_USAGE = YES_ERROR;
				CLANG_WARN_EMPTY_BODY = YES;
				CLANG_WARN_ENUM_CONVERSION = YES;
				CLANG_WARN_INT_CONVERSION = YES;
				CLANG_WARN_OBJC_ROOT_CLASS = YES_ERROR;
				CLANG_WARN_UNREACHABLE_CODE = YES;
				CLANG_WARN__DUPLICATE_METHOD_MATCH = YES;
				"CODE_SIGN_IDENTITY[sdk=iphoneos*]" = "iPhone Developer";
				COPY_PHASE_STRIP = NO;
				ENABLE_STRICT_OBJC_MSGSEND = YES;
				GCC_C_LANGUAGE_STANDARD = gnu99;
				GCC_DYNAMIC_NO_PIC = NO;
				GCC_OPTIMIZATION_LEVEL = 0;
				GCC_PREPROCESSOR_DEFINITIONS = (
					"DEBUG=1",
					"$(inherited)",
				);
				GCC_SYMBOLS_PRIVATE_EXTERN = NO;
				GCC_WARN_64_TO_32_BIT_CONVERSION = YES;
				GCC_WARN_ABOUT_RETURN_TYPE = YES_ERROR;
				GCC_WARN_UNDECLARED_SELECTOR = YES;
				GCC_WARN_UNINITIALIZED_AUTOS = YES_AGGRESSIVE;
				GCC_WARN_UNUSED_FUNCTION = YES;
				GCC_WARN_UNUSED_VARIABLE = YES;
				IPHONEOS_DEPLOYMENT_TARGET = 8.1;
				MTL_ENABLE_DEBUG_INFO = YES;
				ONLY_ACTIVE_ARCH = YES;
				SDKROOT = iphoneos;
			};
			name = Debug;
		};
		9900D1901ABEB2490077A6CB /* Release */ = {
			isa = XCBuildConfiguration;
			buildSettings = {
				ALWAYS_SEARCH_USER_PATHS = NO;
				CLANG_CXX_LANGUAGE_STANDARD = "gnu++0x";
				CLANG_CXX_LIBRARY = "libc++";
				CLANG_ENABLE_MODULES = YES;
				CLANG_ENABLE_OBJC_ARC = YES;
				CLANG_WARN_BOOL_CONVERSION = YES;
				CLANG_WARN_CONSTANT_CONVERSION = YES;
				CLANG_WARN_DIRECT_OBJC_ISA_USAGE = YES_ERROR;
				CLANG_WARN_EMPTY_BODY = YES;
				CLANG_WARN_ENUM_CONVERSION = YES;
				CLANG_WARN_INT_CONVERSION = YES;
				CLANG_WARN_OBJC_ROOT_CLASS = YES_ERROR;
				CLANG_WARN_UNREACHABLE_CODE = YES;
				CLANG_WARN__DUPLICATE_METHOD_MATCH = YES;
				"CODE_SIGN_IDENTITY[sdk=iphoneos*]" = "iPhone Developer";
				COPY_PHASE_STRIP = YES;
				ENABLE_NS_ASSERTIONS = NO;
				ENABLE_STRICT_OBJC_MSGSEND = YES;
				GCC_C_LANGUAGE_STANDARD = gnu99;
				GCC_WARN_64_TO_32_BIT_CONVERSION = YES;
				GCC_WARN_ABOUT_RETURN_TYPE = YES_ERROR;
				GCC_WARN_UNDECLARED_SELECTOR = YES;
				GCC_WARN_UNINITIALIZED_AUTOS = YES_AGGRESSIVE;
				GCC_WARN_UNUSED_FUNCTION = YES;
				GCC_WARN_UNUSED_VARIABLE = YES;
				IPHONEOS_DEPLOYMENT_TARGET = 8.1;
				MTL_ENABLE_DEBUG_INFO = NO;
				SDKROOT = iphoneos;
				VALIDATE_PRODUCT = YES;
			};
			name = Release;
		};
		9900D1921ABEB2490077A6CB /* Debug */ = {
			isa = XCBuildConfiguration;
			buildSettings = {
				ASSETCATALOG_COMPILER_APPICON_NAME = AppIcon;
				ASSETCATALOG_COMPILER_LAUNCHIMAGE_NAME = LaunchImage;
				CODE_SIGN_IDENTITY = "iPhone Developer";
				INFOPLIST_FILE = SDCycleScrollView/Info.plist;
				IPHONEOS_DEPLOYMENT_TARGET = 7.0;
				LD_RUNPATH_SEARCH_PATHS = "$(inherited) @executable_path/Frameworks";
				PRODUCT_NAME = "$(TARGET_NAME)";
			};
			name = Debug;
		};
		9900D1931ABEB2490077A6CB /* Release */ = {
			isa = XCBuildConfiguration;
			buildSettings = {
				ASSETCATALOG_COMPILER_APPICON_NAME = AppIcon;
				ASSETCATALOG_COMPILER_LAUNCHIMAGE_NAME = LaunchImage;
				CODE_SIGN_IDENTITY = "iPhone Developer";
				INFOPLIST_FILE = SDCycleScrollView/Info.plist;
				IPHONEOS_DEPLOYMENT_TARGET = 7.0;
				LD_RUNPATH_SEARCH_PATHS = "$(inherited) @executable_path/Frameworks";
				PRODUCT_NAME = "$(TARGET_NAME)";
			};
			name = Release;
		};
		9900D1951ABEB2490077A6CB /* Debug */ = {
			isa = XCBuildConfiguration;
			buildSettings = {
				BUNDLE_LOADER = "$(TEST_HOST)";
				FRAMEWORK_SEARCH_PATHS = (
					"$(SDKROOT)/Developer/Library/Frameworks",
					"$(inherited)",
				);
				GCC_PREPROCESSOR_DEFINITIONS = (
					"DEBUG=1",
					"$(inherited)",
				);
				INFOPLIST_FILE = SDCycleScrollViewTests/Info.plist;
				LD_RUNPATH_SEARCH_PATHS = "$(inherited) @executable_path/Frameworks @loader_path/Frameworks";
				PRODUCT_NAME = "$(TARGET_NAME)";
				TEST_HOST = "$(BUILT_PRODUCTS_DIR)/SDCycleScrollView.app/SDCycleScrollView";
			};
			name = Debug;
		};
		9900D1961ABEB2490077A6CB /* Release */ = {
			isa = XCBuildConfiguration;
			buildSettings = {
				BUNDLE_LOADER = "$(TEST_HOST)";
				FRAMEWORK_SEARCH_PATHS = (
					"$(SDKROOT)/Developer/Library/Frameworks",
					"$(inherited)",
				);
				INFOPLIST_FILE = SDCycleScrollViewTests/Info.plist;
				LD_RUNPATH_SEARCH_PATHS = "$(inherited) @executable_path/Frameworks @loader_path/Frameworks";
				PRODUCT_NAME = "$(TARGET_NAME)";
				TEST_HOST = "$(BUILT_PRODUCTS_DIR)/SDCycleScrollView.app/SDCycleScrollView";
			};
			name = Release;
		};
/* End XCBuildConfiguration section */

/* Begin XCConfigurationList section */
		9900D1691ABEB2490077A6CB /* Build configuration list for PBXProject "SDCycleScrollView" */ = {
			isa = XCConfigurationList;
			buildConfigurations = (
				9900D18F1ABEB2490077A6CB /* Debug */,
				9900D1901ABEB2490077A6CB /* Release */,
			);
			defaultConfigurationIsVisible = 0;
			defaultConfigurationName = Release;
		};
		9900D1911ABEB2490077A6CB /* Build configuration list for PBXNativeTarget "SDCycleScrollView" */ = {
			isa = XCConfigurationList;
			buildConfigurations = (
				9900D1921ABEB2490077A6CB /* Debug */,
				9900D1931ABEB2490077A6CB /* Release */,
			);
			defaultConfigurationIsVisible = 0;
			defaultConfigurationName = Release;
		};
		9900D1941ABEB2490077A6CB /* Build configuration list for PBXNativeTarget "SDCycleScrollViewTests" */ = {
			isa = XCConfigurationList;
			buildConfigurations = (
				9900D1951ABEB2490077A6CB /* Debug */,
				9900D1961ABEB2490077A6CB /* Release */,
			);
			defaultConfigurationIsVisible = 0;
			defaultConfigurationName = Release;
		};
/* End XCConfigurationList section */
	};
	rootObject = 9900D1661ABEB2490077A6CB /* Project object */;
}
